
Microsoft Visual Studio Solution File, Format Version 12.00
# Visual Studio 15
VisualStudioVersion = 15.0.28010.2026
MinimumVisualStudioVersion = 10.0.40219.1
Project("{FAE04EC0-301F-11D3-BF4B-00C04F79EFBC}") = "SpotifyPlaylistExporterConsole", "SpotifyPlaylistExporterConsole\SpotifyPlaylistExporterConsole.csproj", "{EF9D6593-18DD-4B1E-A6EA-A1918DF253FB}"
EndProject
Project("{FAE04EC0-301F-11D3-BF4B-00C04F79EFBC}") = "SpotifyPlaylistExporter", "SpotifyPlaylistExporter\SpotifyPlaylistExporter.csproj", "{D5D9A607-6B17-4E34-AD40-459635535B6E}"
EndProject
Global
	GlobalSection(SolutionConfigurationPlatforms) = preSolution
		Debug|Any CPU = Debug|Any CPU
		Release|Any CPU = Release|Any CPU
	EndGlobalSection
	GlobalSection(ProjectConfigurationPlatforms) = postSolution
		{EF9D6593-18DD-4B1E-A6EA-A1918DF253FB}.Debug|Any CPU.ActiveCfg = Debug|Any CPU
		{EF9D6593-18DD-4B1E-A6EA-A1918DF253FB}.Debug|Any CPU.Build.0 = Debug|Any CPU
		{EF9D6593-18DD-4B1E-A6EA-A1918DF253FB}.Release|Any CPU.ActiveCfg = Release|Any CPU
		{EF9D6593-18DD-4B1E-A6EA-A1918DF253FB}.Release|Any CPU.Build.0 = Release|Any CPU
		{D5D9A607-6B17-4E34-AD40-459635535B6E}.Debug|Any CPU.ActiveCfg = Debug|Any CPU
		{D5D9A607-6B17-4E34-AD40-459635535B6E}.Debug|Any CPU.Build.0 = Debug|Any CPU
		{D5D9A607-6B17-4E34-AD40-459635535B6E}.Release|Any CPU.ActiveCfg = Release|Any CPU
		{D5D9A607-6B17-4E34-AD40-459635535B6E}.Release|Any CPU.Build.0 = Release|Any CPU
	EndGlobalSection
	GlobalSection(SolutionProperties) = preSolution
		HideSolutionNode = FALSE
	EndGlobalSection
	GlobalSection(ExtensibilityGlobals) = postSolution
		SolutionGuid = {035EBB45-317F-44DC-9874-C81319526C83}
	EndGlobalSection
EndGlobal
